
Microsoft Visual Studio Solution File, Format Version 12.00
# Visual Studio Version 17
VisualStudioVersion = 17.7.34003.232
MinimumVisualStudioVersion = 10.0.40219.1
Project("{FAE04EC0-301F-11D3-BF4B-00C04F79EFBC}") = "WeatherApi", "WeatherApi\WeatherApi.csproj", "{3D753EB4-3E05-496D-8AFB-EDCEAF7A4BF4}"
EndProject
Global
	GlobalSection(SolutionConfigurationPlatforms) = preSolution
		Debug|Any CPU = Debug|Any CPU
		Release|Any CPU = Release|Any CPU
	EndGlobalSection
	GlobalSection(ProjectConfigurationPlatforms) = postSolution
		{3D753EB4-3E05-496D-8AFB-EDCEAF7A4BF4}.Debug|Any CPU.ActiveCfg = Debug|Any CPU
		{3D753EB4-3E05-496D-8AFB-EDCEAF7A4BF4}.Debug|Any CPU.Build.0 = Debug|Any CPU
		{3D753EB4-3E05-496D-8AFB-EDCEAF7A4BF4}.Release|Any CPU.ActiveCfg = Release|Any CPU
		{3D753EB4-3E05-496D-8AFB-EDCEAF7A4BF4}.Release|Any CPU.Build.0 = Release|Any CPU
	EndGlobalSection
	GlobalSection(SolutionProperties) = preSolution
		HideSolutionNode = FALSE
	EndGlobalSection
	GlobalSection(ExtensibilityGlobals) = postSolution
		SolutionGuid = {FEA930B1-1BFD-4302-B7FA-8E7EE03EC3D9}
	EndGlobalSection
EndGlobal
